
Microsoft Visual Studio Solution File, Format Version 12.00
# Visual Studio Version 16
VisualStudioVersion = 16.0.30907.101
MinimumVisualStudioVersion = 10.0.40219.1
Project("{FAE04EC0-301F-11D3-BF4B-00C04F79EFBC}") = "BookmarksWebApp", "BookmarksWebApp\BookmarksWebApp.csproj", "{358D3085-D8F5-4F6A-96C2-423E407C61ED}"
EndProject
Global
	GlobalSection(SolutionConfigurationPlatforms) = preSolution
		Debug|Any CPU = Debug|Any CPU
		Release|Any CPU = Release|Any CPU
	EndGlobalSection
	GlobalSection(ProjectConfigurationPlatforms) = postSolution
		{358D3085-D8F5-4F6A-96C2-423E407C61ED}.Debug|Any CPU.ActiveCfg = Debug|Any CPU
		{358D3085-D8F5-4F6A-96C2-423E407C61ED}.Debug|Any CPU.Build.0 = Debug|Any CPU
		{358D3085-D8F5-4F6A-96C2-423E407C61ED}.Release|Any CPU.ActiveCfg = Release|Any CPU
		{358D3085-D8F5-4F6A-96C2-423E407C61ED}.Release|Any CPU.Build.0 = Release|Any CPU
	EndGlobalSection
	GlobalSection(SolutionProperties) = preSolution
		HideSolutionNode = FALSE
	EndGlobalSection
	GlobalSection(ExtensibilityGlobals) = postSolution
		SolutionGuid = {F5C6F4D0-CA06-473F-8EE4-9D0952EE0120}
	EndGlobalSection
EndGlobal
